{
  "lockfile_version": "1",
  "packages": {
    "git@2.55.0": {
      "last_modified": "2026-09-29T03:29:29Z",
      "resolved": "github:NixOS/nixpkgs/b6c8664de9b6cc07fe5666a29f91884ba81197c4#git",
      "source": "devbox-search",
      "version": "2.55.0",
      "systems": {
        "aarch64-darwin": {
          "outputs": [
            {
              "name": "out",
              "path": "/nix/store/gw7c7m0dwca5lg4152x9lpmxpj171bzw-git-2.55.0",
              "default": true
            },
            {
              "name": "doc",
              "path": "/nix/store/0f4p7kbl8hsdvynpk8n951bcbdx7qn3j-git-2.55.0-doc"
            }
          ],
          "store_path": "/nix/store/gw7c7m0dwca5lg4152x9lpmxpj171bzw-git-2.55.0"
        },
        "aarch64-linux": {
          "outputs": [
            {
              "name": "out",
              "path": "/nix/store/kj6aff4gmz3snpp35rl3gysbl9srd81a-git-2.55.0",
              "default": true
            },
            {
              "name": "debug",
              "path": "/nix/store/8l21kawpzlskyby6dhkjmdyamp34irpv-git-2.55.0-debug"
            },
            {
              "name": "doc",
              "path": "/nix/store/gzjmfgd110655anwlnj6qlj5ws8vacn2-git-2.55.0-doc"
            }
          ],
          "store_path": "/nix/store/kj6aff4gmz3snpp35rl3gysbl9srd81a-git-2.55.0"
        },
        "x86_64-linux": {
          "outputs": [
            {
              "name": "out",
              "path": "/nix/store/lg46w7hrjx7kylsh6645c9l975i8h43b-git-2.55.0",
              "default": true
            },
            {
              "name": "debug",
              "path": "/nix/store/jfnrrjgvhv0la9dpzb1yxg8bx2gf9aii-git-2.55.0-debug"
            },
            {
              "name": "doc",
              "path": "/nix/store/5f39kd6g3irac28rgk89yqwaamaj01rx-git-2.55.0-doc"
            }
          ],
          "store_path": "/nix/store/lg46w7hrjx7kylsh6645c9l975i8h43b-git-2.55.0"
        }
      }
    },
    "github:NixOS/nixpkgs/nixpkgs-unstable": {
      "last_modified": "2026-09-28T13:04:38Z",
      "resolved": "github:NixOS/nixpkgs/f45c6f04c2f013f004bf94e284e95d72898d9393?lastModified=1790600678"
    },
    "go@1.27.0": {
      "last_modified": "2026-09-04T02:50:00Z",
      "resolved": "github:NixOS/nixpkgs/e5ead30d0824debba629dcf0720abeddee57b7d6#go_1_27",
      "source": "devbox-search",
      "version": "1.27.0",
      "systems": {
        "aarch64-darwin": {
          "outputs": [
            {
              "name": "out",
              "path": "/nix/store/lz3qw52rpazqga73xgsqlj4qz1lgs4hg-go-1.27.0",
              "default": true
            }
          ],
          "store_path": "/nix/store/lz3qw52rpazqga73xgsqlj4qz1lgs4hg-go-1.27.0"
        },
        "aarch64-linux": {
          "outputs": [
            {
              "name": "out",
              "path": "/nix/store/zqjvg5805xkf6zsd8nrdvgbv58yw2phr-go-1.27.0",
              "default": true
            }
          ],
          "store_path": "/nix/store/zqjvg5805xkf6zsd8nrdvgbv58yw2phr-go-1.27.0"
        },
        "x86_64-linux": {
          "outputs": [
            {
              "name": "out",
              "path": "/nix/store/fibbp1k5gcpaxcin4dzk70yd056rfjhg-go-1.27.0",
              "default": true
            }
          ],
          "store_path": "/nix/store/fibbp1k5gcpaxcin4dzk70yd056rfjhg-go-1.27.0"
        }
      }
    },
    "golangci-lint@2.13.1": {
      "last_modified": "2026-08-29T00:50:12Z",
      "resolved": "github:NixOS/nixpkgs/e8be7818e19ada32105a8af937a6a473b38167ca#golangci-lint",
      "source": "devbox-search",
      "version": "2.13.1",
      "systems": {
        "aarch64-darwin": {
          "outputs": [
            {
              "name": "out",
              "path": "/nix/store/vyl94dsc8a2vfpx0h9hs3ls3w9hfcyfa-golangci-lint-2.13.1",
              "default": true
            }
          ],
          "store_path": "/nix/store/vyl94dsc8a2vfpx0h9hs3ls3w9hfcyfa-golangci-lint-2.13.1"
        },
        "aarch64-linux": {
          "outputs": [
            {
              "name": "out",
              "path": "/nix/store/zg1nnbiiaiq65v0h4b22hqlqpqa8ja0j-golangci-lint-2.13.1",
              "default": true
            }
          ],
          "store_path": "/nix/store/zg1nnbiiaiq65v0h4b22hqlqpqa8ja0j-golangci-lint-2.13.1"
        },
        "x86_64-linux": {
          "outputs": [
            {
              "name": "out",
              "path": "/nix/store/sqm80s7p5kx9j4ia19rw3jy41ajx1v73-golangci-lint-2.13.1",
              "default": true
            }
          ],
          "store_path": "/nix/store/sqm80s7p5kx9j4ia19rw3jy41ajx1v73-golangci-lint-2.13.1"
        }
      }
    },
    "gopls@0.23.0": {
      "last_modified": "2026-09-29T03:29:29Z",
      "resolved": "github:NixOS/nixpkgs/b6c8664de9b6cc07fe5666a29f91884ba81197c4#gopls",
      "source": "devbox-search",
      "version": "0.23.0",
      "systems": {
        "aarch64-darwin": {
          "outputs": [
            {
              "name": "out",
              "path": "/nix/store/xw6qjz1s06wc64g988bgnim3wc6xwmiz-gopls-0.23.0",
              "default": true
            }
          ],
          "store_path": "/nix/store/xw6qjz1s06wc64g988bgnim3wc6xwmiz-gopls-0.23.0"
        },
        "aarch64-linux": {
          "outputs": [
            {
              "name": "out",
              "path": "/nix/store/2l6b370czqhyxjfb2lzs4ga5wflm00pc-gopls-0.23.0",
              "default": true
            }
          ],
          "store_path": "/nix/store/2l6b370czqhyxjfb2lzs4ga5wflm00pc-gopls-0.23.0"
        },
        "x86_64-linux": {
          "outputs": [
            {
              "name": "out",
              "path": "/nix/store/4giw4fjj84b0gzwzcx82pwrkx3ikjwws-gopls-0.23.0",
              "default": true
            }
          ],
          "store_path": "/nix/store/4giw4fjj84b0gzwzcx82pwrkx3ikjwws-gopls-0.23.0"
        }
      }
    },
    "goreleaser@2.17.1": {
      "last_modified": "2026-09-29T03:29:29Z",
      "resolved": "github:NixOS/nixpkgs/b6c8664de9b6cc07fe5666a29f91884ba81197c4#goreleaser",
      "source": "devbox-search",
      "version": "2.17.1",
      "systems": {
        "aarch64-darwin": {
          "outputs": [
            {
              "name": "out",
              "path": "/nix/store/xc1v4vi2k753mpyvw3x179a1902mcwwx-goreleaser-2.17.1",
              "default": true
            }
          ],
          "store_path": "/nix/store/xc1v4vi2k753mpyvw3x179a1902mcwwx-goreleaser-2.17.1"
        },
        "aarch64-linux": {
          "outputs": [
            {
              "name": "out",
              "path": "/nix/store/srsk0h3a14wkd1yfi5ajmjqxr5hfjlsm-goreleaser-2.17.1",
              "default": true
            }
          ],
          "store_path": "/nix/store/srsk0h3a14wkd1yfi5ajmjqxr5hfjlsm-goreleaser-2.17.1"
        },
        "x86_64-linux": {
          "outputs": [
            {
              "name": "out",
              "path": "/nix/store/kl03fvkql3kibd35in718pn3nf3xx0il-goreleaser-2.17.1",
              "default": true
            }
          ],
          "store_path": "/nix/store/kl03fvkql3kibd35in718pn3nf3xx0il-goreleaser-2.17.1"
        }
      }
    },
    "govulncheck@1.7.0": {
      "last_modified": "2026-09-09T19:38:03Z",
      "resolved": "github:NixOS/nixpkgs/5052d7ccbcfb7e4ae1586cb2ecf95a2e3707dce9#govulncheck",
      "source": "devbox-search",
      "version": "1.7.0",
      "systems": {
        "aarch64-darwin": {
          "outputs": [
            {
              "name": "out",
              "path": "/nix/store/zgblryrsf4vlmbzj04pl3ngwdsn2z6h7-govulncheck-1.7.0",
              "default": true
            }
          ],
          "store_path": "/nix/store/zgblryrsf4vlmbzj04pl3ngwdsn2z6h7-govulncheck-1.7.0"
        },
        "aarch64-linux": {
          "outputs": [
            {
              "name": "out",
              "path": "/nix/store/bg71fp9wcg8d956rfnrn398nrwcagmk4-govulncheck-1.7.0",
              "default": true
            }
          ],
          "store_path": "/nix/store/bg71fp9wcg8d956rfnrn398nrwcagmk4-govulncheck-1.7.0"
        },
        "x86_64-linux": {
          "outputs": [
            {
              "name": "out",
              "path": "/nix/store/zhxphpb7hydfq73p0zkdz7sxi202sdmv-govulncheck-1.7.0",
              "default": true
            }
          ],
          "store_path": "/nix/store/zhxphpb7hydfq73p0zkdz7sxi202sdmv-govulncheck-1.7.0"
        }
      }
    },
    "just-lsp@0.6.2": {
      "last_modified": "2026-09-04T02:50:00Z",
      "resolved": "github:NixOS/nixpkgs/e5ead30d0824debba629dcf0720abeddee57b7d6#just-lsp",
      "source": "devbox-search",
      "version": "0.6.2",
      "systems": {
        "aarch64-darwin": {
          "outputs": [
            {
              "name": "out",
              "path": "/nix/store/r7c1mv8mjm65fdn48sdm3f6wmrwmf5l6-just-lsp-0.6.2",
              "default": true
            }
          ],
          "store_path": "/nix/store/r7c1mv8mjm65fdn48sdm3f6wmrwmf5l6-just-lsp-0.6.2"
        },
        "aarch64-linux": {
          "outputs": [
            {
              "name": "out",
              "path": "/nix/store/rfxfvbygljg67nacgynjrgkr5wzmj27d-just-lsp-0.6.2",
              "default": true
            }
          ],
          "store_path": "/nix/store/rfxfvbygljg67nacgynjrgkr5wzmj27d-just-lsp-0.6.2"
        },
        "x86_64-linux": {
          "outputs": [
            {
              "name": "out",
              "path": "/nix/store/8wxajvj3jlyl5f2xb81ynwz88w8kcamf-just-lsp-0.6.2",
              "default": true
            }
          ],
          "store_path": "/nix/store/8wxajvj3jlyl5f2xb81ynwz88w8kcamf-just-lsp-0.6.2"
        }
      }
    },
    "just@1.58.0": {
      "last_modified": "2026-09-29T03:29:29Z",
      "resolved": "github:NixOS/nixpkgs/b6c8664de9b6cc07fe5666a29f91884ba81197c4#just",
      "source": "devbox-search",
      "version": "1.58.0",
      "systems": {
        "aarch64-darwin": {
          "outputs": [
            {
              "name": "out",
              "path": "/nix/store/7myigx4c7gvdmy66z82v4gsca1y6rcsg-just-1.58.0",
              "default": true
            },
            {
              "name": "man",
              "path": "/nix/store/ndglr8n0wkxk0qpjrfazxmz3kgpypwby-just-1.58.0-man",
              "default": true
            },
            {
              "name": "doc",
              "path": "/nix/store/z45ags4638k33f3d6lla74jfxampk9y7-just-1.58.0-doc"
            }
          ],
          "store_path": "/nix/store/7myigx4c7gvdmy66z82v4gsca1y6rcsg-just-1.58.0"
        },
        "aarch64-linux": {
          "outputs": [
            {
              "name": "out",
              "path": "/nix/store/6byz8zyiqvnj7kn3kadfdks3if6sb37k-just-1.58.0",
              "default": true
            },
            {
              "name": "man",
              "path": "/nix/store/0ih4iwq1rslhr6igk1m5h7rj9bpn7qh8-just-1.58.0-man",
              "default": true
            },
            {
              "name": "doc",
              "path": "/nix/store/w5xq1nrfdsyazp0zdjs8ks581ryqlw4v-just-1.58.0-doc"
            }
          ],
          "store_path": "/nix/store/6byz8zyiqvnj7kn3kadfdks3if6sb37k-just-1.58.0"
        },
        "x86_64-linux": {
          "outputs": [
            {
              "name": "out",
              "path": "/nix/store/qgliqnslmd0pgxar92s306ipxz5vdxx2-just-1.58.0",
              "default": true
            },
            {
              "name": "man",
              "path": "/nix/store/z0dsrhyy9d04c6sr75s9sjn2hnjaxhl3-just-1.58.0-man",
              "default": true
            },
            {
              "name": "doc",
              "path": "/nix/store/dpy7p6cx6mq4xn0hh16507gd9fz7nl32-just-1.58.0-doc"
            }
          ],
          "store_path": "/nix/store/qgliqnslmd0pgxar92s306ipxz5vdxx2-just-1.58.0"
        }
      }
    },
    "pulumi@3.255.0": {
      "last_modified": "2026-09-21T12:38:47Z",
      "resolved": "github:NixOS/nixpkgs/3396d0584677afd0e6ce20ac2474eab0adf0fb2b#pulumi",
      "source": "devbox-search",
      "version": "3.255.0",
      "systems": {
        "aarch64-darwin": {
          "outputs": [
            {
              "name": "out",
              "path": "/nix/store/fb96nqi6iz0qqb27dvfh29q1jyj3jn06-pulumi-3.255.0",
              "default": true
            }
          ],
          "store_path": "/nix/store/fb96nqi6iz0qqb27dvfh29q1jyj3jn06-pulumi-3.255.0"
        },
        "aarch64-linux": {
          "outputs": [
            {
              "name": "out",
              "path": "/nix/store/738ar39az7cfz3v5nqv6cviczd67zvig-pulumi-3.255.0",
              "default": true
            }
          ],
          "store_path": "/nix/store/738ar39az7cfz3v5nqv6cviczd67zvig-pulumi-3.255.0"
        },
        "x86_64-linux": {
          "outputs": [
            {
              "name": "out",
              "path": "/nix/store/c17n1id11ir8h4p1y8z562jfp4kxv3ga-pulumi-3.255.0",
              "default": true
            }
          ],
          "store_path": "/nix/store/c17n1id11ir8h4p1y8z562jfp4kxv3ga-pulumi-3.255.0"
        }
      }
    },
    "pulumiPackages.pulumi-go@3.255.0": {
      "last_modified": "2026-09-21T12:38:47Z",
      "resolved": "github:NixOS/nixpkgs/3396d0584677afd0e6ce20ac2474eab0adf0fb2b#pulumiPackages.pulumi-go",
      "source": "devbox-search",
      "version": "3.255.0",
      "systems": {
        "aarch64-darwin": {
          "outputs": [
            {
              "name": "out",
              "path": "/nix/store/wx8rlw6a59nx770jf0hr3a0wkg433ynm-pulumi-go-3.255.0",
              "default": true
            }
          ],
          "store_path": "/nix/store/wx8rlw6a59nx770jf0hr3a0wkg433ynm-pulumi-go-3.255.0"
        },
        "aarch64-linux": {
          "outputs": [
            {
              "name": "out",
              "path": "/nix/store/g0ibcy0ca86s8icyhpbw7riax9vmzyrs-pulumi-go-3.255.0",
              "default": true
            }
          ],
          "store_path": "/nix/store/g0ibcy0ca86s8icyhpbw7riax9vmzyrs-pulumi-go-3.255.0"
        },
        "x86_64-linux": {
          "outputs": [
            {
              "name": "out",
              "path": "/nix/store/c7h6w2gvnh8bv05nn96fk5xk42s3k9js-pulumi-go-3.255.0",
              "default": true
            }
          ],
          "store_path": "/nix/store/c7h6w2gvnh8bv05nn96fk5xk42s3k9js-pulumi-go-3.255.0"
        }
      }
    }
  }
}
